Microsoft Visual Studio Solution File, Format Version 11.00
# Visual Studio 2008

Project("{3B645248-4CFE-4AB5-F778-902DD889F2C4}") = "EEGRotor", "Assembly-CSharp-firstpass.csproj", "{DF67E660-02C0-7D0F-0710-007EE3006147}"
EndProject
Project("{3B645248-4CFE-4AB5-F778-902DD889F2C4}") = "EEGRotor", "Assembly-CSharp.csproj", "{AE93EF71-CDC0-B952-27CD-6DD12A764026}"
EndProject
Project("{3B645248-4CFE-4AB5-F778-902DD889F2C4}") = "EEGRotor", "Assembly-UnityScript-firstpass.unityproj", "{F3E90F29-B784-3914-9160-98D5BEEB8F68}"
EndProject
Project("{3B645248-4CFE-4AB5-F778-902DD889F2C4}") = "EEGRotor", "Assembly-UnityScript.unityproj", "{E43A7F23-0C45-C629-F4E1-A62EBFF54047}"
EndProject
Global
	GlobalSection(SolutionConfigurationPlatforms) = preSolution
		Debug|Any CPU = Debug|Any CPU
		Release|Any CPU = Release|Any CPU
	EndGlobalSection
	GlobalSection(ProjectConfigurationPlatforms) = postSolution
		{DF67E660-02C0-7D0F-0710-007EE3006147}.Debug|Any CPU.ActiveCfg = Debug|Any CPU
		{DF67E660-02C0-7D0F-0710-007EE3006147}.Debug|Any CPU.Build.0 = Debug|Any CPU
		{DF67E660-02C0-7D0F-0710-007EE3006147}.Release|Any CPU.ActiveCfg = Release|Any CPU
		{DF67E660-02C0-7D0F-0710-007EE3006147}.Release|Any CPU.Build.0 = Release|Any CPU
		{AE93EF71-CDC0-B952-27CD-6DD12A764026}.Debug|Any CPU.ActiveCfg = Debug|Any CPU
		{AE93EF71-CDC0-B952-27CD-6DD12A764026}.Debug|Any CPU.Build.0 = Debug|Any CPU
		{AE93EF71-CDC0-B952-27CD-6DD12A764026}.Release|Any CPU.ActiveCfg = Release|Any CPU
		{AE93EF71-CDC0-B952-27CD-6DD12A764026}.Release|Any CPU.Build.0 = Release|Any CPU
		{F3E90F29-B784-3914-9160-98D5BEEB8F68}.Debug|Any CPU.ActiveCfg = Debug|Any CPU
		{F3E90F29-B784-3914-9160-98D5BEEB8F68}.Debug|Any CPU.Build.0 = Debug|Any CPU
		{F3E90F29-B784-3914-9160-98D5BEEB8F68}.Release|Any CPU.ActiveCfg = Release|Any CPU
		{F3E90F29-B784-3914-9160-98D5BEEB8F68}.Release|Any CPU.Build.0 = Release|Any CPU
		{E43A7F23-0C45-C629-F4E1-A62EBFF54047}.Debug|Any CPU.ActiveCfg = Debug|Any CPU
		{E43A7F23-0C45-C629-F4E1-A62EBFF54047}.Debug|Any CPU.Build.0 = Debug|Any CPU
		{E43A7F23-0C45-C629-F4E1-A62EBFF54047}.Release|Any CPU.ActiveCfg = Release|Any CPU
		{E43A7F23-0C45-C629-F4E1-A62EBFF54047}.Release|Any CPU.Build.0 = Release|Any CPU
	EndGlobalSection
	GlobalSection(SolutionProperties) = preSolution
		HideSolutionNode = FALSE
	EndGlobalSection
																																																											GlobalSection(MonoDevelopProperties) = preSolution
		StartupItem = Assembly-CSharp.csproj
		Policies = $0
		$0.TextStylePolicy = $1
		$1.inheritsSet = null
		$1.scope = text/x-csharp
		$0.CSharpFormattingPolicy = $2
		$2.inheritsSet = Mono
		$2.inheritsScope = text/x-csharp
		$2.scope = text/x-csharp
		$0.TextStylePolicy = $3
		$3.FileWidth = 120
		$3.TabWidth = 4
		$3.EolMarker = Unix
		$3.inheritsSet = Mono
		$3.inheritsScope = text/plain
		$3.scope = text/plain
	EndGlobalSection

EndGlobal
